
Microsoft Visual Studio Solution File, Format Version 12.00
# Visual Studio Version 17
VisualStudioVersion = 17.4.33403.182
MinimumVisualStudioVersion = 10.0.40219.1
Project("{FAE04EC0-301F-11D3-BF4B-00C04F79EFBC}") = "WebApiAjax", "WebApiAjax\WebApiAjax.csproj", "{E669D7C8-E4C7-44FE-84CD-19CBF3CFD43E}"
EndProject
Global
	GlobalSection(SolutionConfigurationPlatforms) = preSolution
		Debug|Any CPU = Debug|Any CPU
		Release|Any CPU = Release|Any CPU
	EndGlobalSection
	GlobalSection(ProjectConfigurationPlatforms) = postSolution
		{E669D7C8-E4C7-44FE-84CD-19CBF3CFD43E}.Debug|Any CPU.ActiveCfg = Debug|Any CPU
		{E669D7C8-E4C7-44FE-84CD-19CBF3CFD43E}.Debug|Any CPU.Build.0 = Debug|Any CPU
		{E669D7C8-E4C7-44FE-84CD-19CBF3CFD43E}.Release|Any CPU.ActiveCfg = Release|Any CPU
		{E669D7C8-E4C7-44FE-84CD-19CBF3CFD43E}.Release|Any CPU.Build.0 = Release|Any CPU
	EndGlobalSection
	GlobalSection(SolutionProperties) = preSolution
		HideSolutionNode = FALSE
	EndGlobalSection
	GlobalSection(ExtensibilityGlobals) = postSolution
		SolutionGuid = {FB9A4BDC-6BE0-4B7A-B149-C6C89C2C6E19}
	EndGlobalSection
EndGlobal
